
Microsoft Visual Studio Solution File, Format Version 12.00
# Visual Studio Version 16
VisualStudioVersion = 16.0.30320.27
MinimumVisualStudioVersion = 10.0.40219.1
Project("{8BC9CEB8-8B4A-11D0-8D11-00A0C91BC942}") = "LeftRotation", "HackerRank\HackerRank.vcxproj", "{E39EFF14-A4E0-459D-8D3D-DE72CB549726}"
EndProject
Project("{8BC9CEB8-8B4A-11D0-8D11-00A0C91BC942}") = "3dSurfaceArea", "3dSurfaceArea\3dSurfaceArea.vcxproj", "{928C00FE-9D3D-4AAE-A2F8-E8AAE9F92001}"
EndProject
Project("{8BC9CEB8-8B4A-11D0-8D11-00A0C91BC942}") = "Encryption", "Encryption\Encryption.vcxproj", "{D3BF2246-1D9B-43EC-BB58-191297EDAB91}"
EndProject
Project("{8BC9CEB8-8B4A-11D0-8D11-00A0C91BC942}") = "CountingValleys", "CountingValleys\CountingValleys.vcxproj", "{A4B32BE7-DD7E-45F7-B4E1-64E626D5B5DE}"
EndProject
Global
	GlobalSection(SolutionConfigurationPlatforms) = preSolution
		Debug|x64 = Debug|x64
		Debug|x86 = Debug|x86
		Release|x64 = Release|x64
		Release|x86 = Release|x86
	EndGlobalSection
	GlobalSection(ProjectConfigurationPlatforms) = postSolution
		{E39EFF14-A4E0-459D-8D3D-DE72CB549726}.Debug|x64.ActiveCfg = Debug|x64
		{E39EFF14-A4E0-459D-8D3D-DE72CB549726}.Debug|x64.Build.0 = Debug|x64
		{E39EFF14-A4E0-459D-8D3D-DE72CB549726}.Debug|x86.ActiveCfg = Debug|Win32
		{E39EFF14-A4E0-459D-8D3D-DE72CB549726}.Debug|x86.Build.0 = Debug|Win32
		{E39EFF14-A4E0-459D-8D3D-DE72CB549726}.Release|x64.ActiveCfg = Release|x64
		{E39EFF14-A4E0-459D-8D3D-DE72CB549726}.Release|x64.Build.0 = Release|x64
		{E39EFF14-A4E0-459D-8D3D-DE72CB549726}.Release|x86.ActiveCfg = Release|Win32
		{E39EFF14-A4E0-459D-8D3D-DE72CB549726}.Release|x86.Build.0 = Release|Win32
		{928C00FE-9D3D-4AAE-A2F8-E8AAE9F92001}.Debug|x64.ActiveCfg = Debug|x64
		{928C00FE-9D3D-4AAE-A2F8-E8AAE9F92001}.Debug|x64.Build.0 = Debug|x64
		{928C00FE-9D3D-4AAE-A2F8-E8AAE9F92001}.Debug|x86.ActiveCfg = Debug|Win32
		{928C00FE-9D3D-4AAE-A2F8-E8AAE9F92001}.Debug|x86.Build.0 = Debug|Win32
		{928C00FE-9D3D-4AAE-A2F8-E8AAE9F92001}.Release|x64.ActiveCfg = Release|x64
		{928C00FE-9D3D-4AAE-A2F8-E8AAE9F92001}.Release|x64.Build.0 = Release|x64
		{928C00FE-9D3D-4AAE-A2F8-E8AAE9F92001}.Release|x86.ActiveCfg = Release|Win32
		{928C00FE-9D3D-4AAE-A2F8-E8AAE9F92001}.Release|x86.Build.0 = Release|Win32
		{D3BF2246-1D9B-43EC-BB58-191297EDAB91}.Debug|x64.ActiveCfg = Debug|x64
		{D3BF2246-1D9B-43EC-BB58-191297EDAB91}.Debug|x64.Build.0 = Debug|x64
		{D3BF2246-1D9B-43EC-BB58-191297EDAB91}.Debug|x86.ActiveCfg = Debug|Win32
		{D3BF2246-1D9B-43EC-BB58-191297EDAB91}.Debug|x86.Build.0 = Debug|Win32
		{D3BF2246-1D9B-43EC-BB58-191297EDAB91}.Release|x64.ActiveCfg = Release|x64
		{D3BF2246-1D9B-43EC-BB58-191297EDAB91}.Release|x64.Build.0 = Release|x64
		{D3BF2246-1D9B-43EC-BB58-191297EDAB91}.Release|x86.ActiveCfg = Release|Win32
		{D3BF2246-1D9B-43EC-BB58-191297EDAB91}.Release|x86.Build.0 = Release|Win32
		{A4B32BE7-DD7E-45F7-B4E1-64E626D5B5DE}.Debug|x64.ActiveCfg = Debug|x64
		{A4B32BE7-DD7E-45F7-B4E1-64E626D5B5DE}.Debug|x64.Build.0 = Debug|x64
		{A4B32BE7-DD7E-45F7-B4E1-64E626D5B5DE}.Debug|x86.ActiveCfg = Debug|Win32
		{A4B32BE7-DD7E-45F7-B4E1-64E626D5B5DE}.Debug|x86.Build.0 = Debug|Win32
		{A4B32BE7-DD7E-45F7-B4E1-64E626D5B5DE}.Release|x64.ActiveCfg = Release|x64
		{A4B32BE7-DD7E-45F7-B4E1-64E626D5B5DE}.Release|x64.Build.0 = Release|x64
		{A4B32BE7-DD7E-45F7-B4E1-64E626D5B5DE}.Release|x86.ActiveCfg = Release|Win32
		{A4B32BE7-DD7E-45F7-B4E1-64E626D5B5DE}.Release|x86.Build.0 = Release|Win32
	EndGlobalSection
	GlobalSection(SolutionProperties) = preSolution
		HideSolutionNode = FALSE
	EndGlobalSection
	GlobalSection(ExtensibilityGlobals) = postSolution
		SolutionGuid = {078E0796-B59C-437B-8259-3C2AE47B8E2A}
	EndGlobalSection
EndGlobal
